
Microsoft Visual Studio Solution File, Format Version 12.00
# Visual Studio Version 16
VisualStudioVersion = 16.0.32126.315
MinimumVisualStudioVersion = 10.0.40219.1
Project("{FAE04EC0-301F-11D3-BF4B-00C04F79EFBC}") = "Azure_APi_Deployment", "Azure_APi_Deployment\Azure_APi_Deployment.csproj", "{7079C064-A3BA-44B5-8791-F2DECDA02728}"
	ProjectSection(ProjectDependencies) = postProject
		{DBCF3E1F-B8C0-4EA0-8DD3-2A00F4B801B7} = {DBCF3E1F-B8C0-4EA0-8DD3-2A00F4B801B7}
	EndProjectSection
EndProject
Project("{FAE04EC0-301F-11D3-BF4B-00C04F79EFBC}") = "APICURD_DAL", "APICURD_DAL\APICURD_DAL.csproj", "{2707708F-418C-4B13-BB9C-7DF41980F5C4}"
EndProject
Project("{FAE04EC0-301F-11D3-BF4B-00C04F79EFBC}") = "API_CURD_BAL", "API_CURD_BAL\API_CURD_BAL.csproj", "{DBCF3E1F-B8C0-4EA0-8DD3-2A00F4B801B7}"
EndProject
Global
	GlobalSection(SolutionConfigurationPlatforms) = preSolution
		Debug|Any CPU = Debug|Any CPU
		Release|Any CPU = Release|Any CPU
	EndGlobalSection
	GlobalSection(ProjectConfigurationPlatforms) = postSolution
		{7079C064-A3BA-44B5-8791-F2DECDA02728}.Debug|Any CPU.ActiveCfg = Debug|Any CPU
		{7079C064-A3BA-44B5-8791-F2DECDA02728}.Debug|Any CPU.Build.0 = Debug|Any CPU
		{7079C064-A3BA-44B5-8791-F2DECDA02728}.Release|Any CPU.ActiveCfg = Release|Any CPU
		{7079C064-A3BA-44B5-8791-F2DECDA02728}.Release|Any CPU.Build.0 = Release|Any CPU
		{2707708F-418C-4B13-BB9C-7DF41980F5C4}.Debug|Any CPU.ActiveCfg = Debug|Any CPU
		{2707708F-418C-4B13-BB9C-7DF41980F5C4}.Debug|Any CPU.Build.0 = Debug|Any CPU
		{2707708F-418C-4B13-BB9C-7DF41980F5C4}.Release|Any CPU.ActiveCfg = Release|Any CPU
		{2707708F-418C-4B13-BB9C-7DF41980F5C4}.Release|Any CPU.Build.0 = Release|Any CPU
		{DBCF3E1F-B8C0-4EA0-8DD3-2A00F4B801B7}.Debug|Any CPU.ActiveCfg = Debug|Any CPU
		{DBCF3E1F-B8C0-4EA0-8DD3-2A00F4B801B7}.Debug|Any CPU.Build.0 = Debug|Any CPU
		{DBCF3E1F-B8C0-4EA0-8DD3-2A00F4B801B7}.Release|Any CPU.ActiveCfg = Release|Any CPU
		{DBCF3E1F-B8C0-4EA0-8DD3-2A00F4B801B7}.Release|Any CPU.Build.0 = Release|Any CPU
	EndGlobalSection
	GlobalSection(SolutionProperties) = preSolution
		HideSolutionNode = FALSE
	EndGlobalSection
	GlobalSection(ExtensibilityGlobals) = postSolution
		SolutionGuid = {EB5E274A-63AB-4488-AB98-0A14B72D6E5C}
	EndGlobalSection
EndGlobal
